
Microsoft Visual Studio Solution File, Format Version 12.00
# Visual Studio Version 17
VisualStudioVersion = 17.2.32616.157
MinimumVisualStudioVersion = 10.0.40219.1
Project("{FAE04EC0-301F-11D3-BF4B-00C04F79EFBC}") = "Domain", "Domain\Domain.csproj", "{E7964D60-BC47-4991-A190-34DC1DFA5519}"
EndProject
Global
	GlobalSection(SolutionConfigurationPlatforms) = preSolution
		Debug|Any CPU = Debug|Any CPU
		Release|Any CPU = Release|Any CPU
	EndGlobalSection
	GlobalSection(ProjectConfigurationPlatforms) = postSolution
		{E7964D60-BC47-4991-A190-34DC1DFA5519}.Debug|Any CPU.ActiveCfg = Debug|Any CPU
		{E7964D60-BC47-4991-A190-34DC1DFA5519}.Debug|Any CPU.Build.0 = Debug|Any CPU
		{E7964D60-BC47-4991-A190-34DC1DFA5519}.Release|Any CPU.ActiveCfg = Release|Any CPU
		{E7964D60-BC47-4991-A190-34DC1DFA5519}.Release|Any CPU.Build.0 = Release|Any CPU
	EndGlobalSection
	GlobalSection(SolutionProperties) = preSolution
		HideSolutionNode = FALSE
	EndGlobalSection
	GlobalSection(ExtensibilityGlobals) = postSolution
		SolutionGuid = {C78E81DB-5BA6-4833-8297-374AD4155BF0}
	EndGlobalSection
EndGlobal
