
Microsoft Visual Studio Solution File, Format Version 12.00
# Visual Studio Version 17
VisualStudioVersion = 17.2.32616.157
MinimumVisualStudioVersion = 10.0.40219.1
Project("{9A19103F-16F7-4668-BE54-9A1E7A4F7556}") = "Domain", "Domain\Domain.csproj", "{E7964D60-BC47-4991-A190-34DC1DFA5519}"
EndProject
Project("{FAE04EC0-301F-11D3-BF4B-00C04F79EFBC}") = "Persistence", "Persistence\Persistence.csproj", "{BB5E382D-B9A8-494A-BAD6-6639807183D9}"
EndProject
Project("{FAE04EC0-301F-11D3-BF4B-00C04F79EFBC}") = "WebApi", "WebApi\WebApi.csproj", "{CEAEDC14-4A40-4293-A746-B5D69A8CA3B6}"
EndProject
Project("{FAE04EC0-301F-11D3-BF4B-00C04F79EFBC}") = "Application", "Application\Application.csproj", "{C6F91AC3-8960-4E0C-9BE0-BD51E048A4F9}"
EndProject
Global
	GlobalSection(SolutionConfigurationPlatforms) = preSolution
		Debug|Any CPU = Debug|Any CPU
		Release|Any CPU = Release|Any CPU
	EndGlobalSection
	GlobalSection(ProjectConfigurationPlatforms) = postSolution
		{E7964D60-BC47-4991-A190-34DC1DFA5519}.Debug|Any CPU.ActiveCfg = Debug|Any CPU
		{E7964D60-BC47-4991-A190-34DC1DFA5519}.Debug|Any CPU.Build.0 = Debug|Any CPU
		{E7964D60-BC47-4991-A190-34DC1DFA5519}.Release|Any CPU.ActiveCfg = Release|Any CPU
		{E7964D60-BC47-4991-A190-34DC1DFA5519}.Release|Any CPU.Build.0 = Release|Any CPU
		{BB5E382D-B9A8-494A-BAD6-6639807183D9}.Debug|Any CPU.ActiveCfg = Debug|Any CPU
		{BB5E382D-B9A8-494A-BAD6-6639807183D9}.Debug|Any CPU.Build.0 = Debug|Any CPU
		{BB5E382D-B9A8-494A-BAD6-6639807183D9}.Release|Any CPU.ActiveCfg = Release|Any CPU
		{BB5E382D-B9A8-494A-BAD6-6639807183D9}.Release|Any CPU.Build.0 = Release|Any CPU
		{CEAEDC14-4A40-4293-A746-B5D69A8CA3B6}.Debug|Any CPU.ActiveCfg = Debug|Any CPU
		{CEAEDC14-4A40-4293-A746-B5D69A8CA3B6}.Debug|Any CPU.Build.0 = Debug|Any CPU
		{CEAEDC14-4A40-4293-A746-B5D69A8CA3B6}.Release|Any CPU.ActiveCfg = Release|Any CPU
		{CEAEDC14-4A40-4293-A746-B5D69A8CA3B6}.Release|Any CPU.Build.0 = Release|Any CPU
		{C6F91AC3-8960-4E0C-9BE0-BD51E048A4F9}.Debug|Any CPU.ActiveCfg = Debug|Any CPU
		{C6F91AC3-8960-4E0C-9BE0-BD51E048A4F9}.Debug|Any CPU.Build.0 = Debug|Any CPU
		{C6F91AC3-8960-4E0C-9BE0-BD51E048A4F9}.Release|Any CPU.ActiveCfg = Release|Any CPU
		{C6F91AC3-8960-4E0C-9BE0-BD51E048A4F9}.Release|Any CPU.Build.0 = Release|Any CPU
	EndGlobalSection
	GlobalSection(SolutionProperties) = preSolution
		HideSolutionNode = FALSE
	EndGlobalSection
	GlobalSection(ExtensibilityGlobals) = postSolution
		SolutionGuid = {C78E81DB-5BA6-4833-8297-374AD4155BF0}
	EndGlobalSection
EndGlobal
